
Microsoft Visual Studio Solution File, Format Version 12.00
# Visual Studio Version 16
VisualStudioVersion = 16.0.30711.63
MinimumVisualStudioVersion = 10.0.40219.1
Project("{9A19103F-16F7-4668-BE54-9A1E7A4F7556}") = "XMLToHTML", "XMLToHTML.csproj", "{4C575710-6835-4D93-9BE7-A718D94EE4B2}"
EndProject
Project("{FAE04EC0-301F-11D3-BF4B-00C04F79EFBC}") = "UnitTestProjectXMLToHTML", "..\UnitTestProjectXMLToHTML\UnitTestProjectXMLToHTML.csproj", "{D7841951-0600-4394-BA42-8E7C9C88477A}"
EndProject
Global
	GlobalSection(SolutionConfigurationPlatforms) = preSolution
		Debug|Any CPU = Debug|Any CPU
		Release|Any CPU = Release|Any CPU
	EndGlobalSection
	GlobalSection(ProjectConfigurationPlatforms) = postSolution
		{4C575710-6835-4D93-9BE7-A718D94EE4B2}.Debug|Any CPU.ActiveCfg = Debug|Any CPU
		{4C575710-6835-4D93-9BE7-A718D94EE4B2}.Debug|Any CPU.Build.0 = Debug|Any CPU
		{4C575710-6835-4D93-9BE7-A718D94EE4B2}.Release|Any CPU.ActiveCfg = Release|Any CPU
		{4C575710-6835-4D93-9BE7-A718D94EE4B2}.Release|Any CPU.Build.0 = Release|Any CPU
		{D7841951-0600-4394-BA42-8E7C9C88477A}.Debug|Any CPU.ActiveCfg = Debug|Any CPU
		{D7841951-0600-4394-BA42-8E7C9C88477A}.Debug|Any CPU.Build.0 = Debug|Any CPU
		{D7841951-0600-4394-BA42-8E7C9C88477A}.Release|Any CPU.ActiveCfg = Release|Any CPU
		{D7841951-0600-4394-BA42-8E7C9C88477A}.Release|Any CPU.Build.0 = Release|Any CPU
	EndGlobalSection
	GlobalSection(SolutionProperties) = preSolution
		HideSolutionNode = FALSE
	EndGlobalSection
	GlobalSection(ExtensibilityGlobals) = postSolution
		SolutionGuid = {65876C83-2846-488B-A5D8-38B865985032}
	EndGlobalSection
EndGlobal
